
Microsoft Visual Studio Solution File, Format Version 12.00
# Visual Studio Version 17
VisualStudioVersion = 17.8.34322.80
MinimumVisualStudioVersion = 10.0.40219.1
Project("{FAE04EC0-301F-11D3-BF4B-00C04F79EFBC}") = "ç_rapor", "k_takip\ç_rapor.csproj", "{D9AEF984-50E1-48AE-B91D-FA17893418FE}"
EndProject
Global
	GlobalSection(SolutionConfigurationPlatforms) = preSolution
		Debug|Any CPU = Debug|Any CPU
		Release|Any CPU = Release|Any CPU
	EndGlobalSection
	GlobalSection(ProjectConfigurationPlatforms) = postSolution
		{D9AEF984-50E1-48AE-B91D-FA17893418FE}.Debug|Any CPU.ActiveCfg = Debug|Any CPU
		{D9AEF984-50E1-48AE-B91D-FA17893418FE}.Debug|Any CPU.Build.0 = Debug|Any CPU
		{D9AEF984-50E1-48AE-B91D-FA17893418FE}.Release|Any CPU.ActiveCfg = Release|Any CPU
		{D9AEF984-50E1-48AE-B91D-FA17893418FE}.Release|Any CPU.Build.0 = Release|Any CPU
	EndGlobalSection
	GlobalSection(SolutionProperties) = preSolution
		HideSolutionNode = FALSE
	EndGlobalSection
	GlobalSection(ExtensibilityGlobals) = postSolution
		SolutionGuid = {948D59FB-ABCF-4685-8964-E8B099B1E6DB}
	EndGlobalSection
EndGlobal
